
Microsoft Visual Studio Solution File, Format Version 12.00
# Visual Studio 15
Project("{FAE04EC0-301F-11D3-BF4B-00C04F79EFBC}") = "Assembly-CSharp", "Assembly-CSharp.csproj", "{EC6E5F44-E5C4-174C-3D0C-89C2B9E5CA85}"
EndProject
Global
	GlobalSection(SolutionConfigurationPlatforms) = preSolution
		Debug|Any CPU = Debug|Any CPU
		Release|Any CPU = Release|Any CPU
	EndGlobalSection
	GlobalSection(ProjectConfigurationPlatforms) = postSolution
		{EC6E5F44-E5C4-174C-3D0C-89C2B9E5CA85}.Debug|Any CPU.ActiveCfg = Debug|Any CPU
		{EC6E5F44-E5C4-174C-3D0C-89C2B9E5CA85}.Debug|Any CPU.Build.0 = Debug|Any CPU
		{EC6E5F44-E5C4-174C-3D0C-89C2B9E5CA85}.Release|Any CPU.ActiveCfg = Release|Any CPU
		{EC6E5F44-E5C4-174C-3D0C-89C2B9E5CA85}.Release|Any CPU.Build.0 = Release|Any CPU
	EndGlobalSection
	GlobalSection(SolutionProperties) = preSolution
		HideSolutionNode = FALSE
	EndGlobalSection
EndGlobal
